
Microsoft Visual Studio Solution File, Format Version 12.00
# Visual Studio Version 17
VisualStudioVersion = 17.10.35027.167
MinimumVisualStudioVersion = 10.0.40219.1
Project("{FAE04EC0-301F-11D3-BF4B-00C04F79EFBC}") = "DragoniteNET", "DragoniteNET.csproj", "{B439F87E-9C0A-4BAD-A98C-E813522EA7C9}"
EndProject
Global
	GlobalSection(SolutionConfigurationPlatforms) = preSolution
		Debug|Any CPU = Debug|Any CPU
		Release|Any CPU = Release|Any CPU
	EndGlobalSection
	GlobalSection(ProjectConfigurationPlatforms) = postSolution
		{B439F87E-9C0A-4BAD-A98C-E813522EA7C9}.Debug|Any CPU.ActiveCfg = Debug|Any CPU
		{B439F87E-9C0A-4BAD-A98C-E813522EA7C9}.Debug|Any CPU.Build.0 = Debug|Any CPU
		{B439F87E-9C0A-4BAD-A98C-E813522EA7C9}.Release|Any CPU.ActiveCfg = Release|Any CPU
		{B439F87E-9C0A-4BAD-A98C-E813522EA7C9}.Release|Any CPU.Build.0 = Release|Any CPU
	EndGlobalSection
	GlobalSection(SolutionProperties) = preSolution
		HideSolutionNode = FALSE
	EndGlobalSection
	GlobalSection(ExtensibilityGlobals) = postSolution
		SolutionGuid = {7EB5795E-90D2-4F78-847D-6D9732B7501A}
	EndGlobalSection
EndGlobal
